// !$*UTF8*$!
{
	archiveVersion = 1;
	classes = {
	};
	objectVersion = 55;
	objects = {

/* Begin PBXBuildFile section */
		4C40DC572981DBCD00C0CB16 /* ResourcePath.mm in Sources */ = {isa = PBXBuildFile; fileRef = 4C40DC562981DBCD00C0CB16 /* ResourcePath.mm */; };
		4C40DC5A2981DBCD00C0CB16 /* main.cpp in Sources */ = {isa = PBXBuildFile; fileRef = 4C40DC592981DBCD00C0CB16 /* main.cpp */; };
		4C40DC5D2981DBCD00C0CB16 /* cute_image.jpg in Resources */ = {isa = PBXBuildFile; fileRef = 4C40DC5C2981DBCD00C0CB16 /* cute_image.jpg */; };
		4C40DC5F2981DBCD00C0CB16 /* nice_music.ogg in Resources */ = {isa = PBXBuildFile; fileRef = 4C40DC5E2981DBCD00C0CB16 /* nice_music.ogg */; };
		4C40DC612981DBCD00C0CB16 /* sansation.ttf in Resources */ = {isa = PBXBuildFile; fileRef = 4C40DC602981DBCD00C0CB16 /* sansation.ttf */; };
		4C40DC632981DBCD00C0CB16 /* icon.png in Resources */ = {isa = PBXBuildFile; fileRef = 4C40DC622981DBCD00C0CB16 /* icon.png */; };
		4C40DC6E2981E28600C0CB16 /* Universe.cpp in Sources */ = {isa = PBXBuildFile; fileRef = 4C40DC6C2981E28600C0CB16 /* Universe.cpp */; };
		4CBECEDF2994ED9C001BA0EF /* organism.cpp in Sources */ = {isa = PBXBuildFile; fileRef = 4CBECEDD2994ED9C001BA0EF /* organism.cpp */; };
		4CE290AE29A9ACCD00462A0C /* organism_viewer.cpp in Sources */ = {isa = PBXBuildFile; fileRef = 4CE290AC29A9ACCD00462A0C /* organism_viewer.cpp */; };
/* End PBXBuildFile section */

/* Begin PBXFileReference section */
		4C40DC512981DBCD00C0CB16 /* Neuroevolution_project1.app */ = {isa = PBXFileReference; explicitFileType = wrapper.application; includeInIndex = 0; path = Neuroevolution_project1.app; sourceTree = BUILT_PRODUCTS_DIR; };
		4C40DC552981DBCD00C0CB16 /* Neuroevolution_project1-Info.plist */ = {isa = PBXFileReference; lastKnownFileType = text.plist.xml; name = "Neuroevolution_project1-Info.plist"; path = "../Neuroevolution_project1-Info.plist"; sourceTree = "<group>"; };
		4C40DC562981DBCD00C0CB16 /* ResourcePath.mm */ = {isa = PBXFileReference; lastKnownFileType = sourcecode.cpp.objcpp; path = ResourcePath.mm; sourceTree = "<group>"; };
		4C40DC582981DBCD00C0CB16 /* ResourcePath.hpp */ = {isa = PBXFileReference; lastKnownFileType = sourcecode.cpp.h; path = ResourcePath.hpp; sourceTree = "<group>"; };
		4C40DC592981DBCD00C0CB16 /* main.cpp */ = {isa = PBXFileReference; lastKnownFileType = sourcecode.cpp.cpp; path = main.cpp; sourceTree = "<group>"; };
		4C40DC5C2981DBCD00C0CB16 /* cute_image.jpg */ = {isa = PBXFileReference; lastKnownFileType = image.jpeg; name = cute_image.jpg; path = ../cute_image.jpg; sourceTree = "<group>"; };
		4C40DC5E2981DBCD00C0CB16 /* nice_music.ogg */ = {isa = PBXFileReference; lastKnownFileType = file; name = nice_music.ogg; path = ../nice_music.ogg; sourceTree = "<group>"; };
		4C40DC602981DBCD00C0CB16 /* sansation.ttf */ = {isa = PBXFileReference; lastKnownFileType = file; name = sansation.ttf; path = ../sansation.ttf; sourceTree = "<group>"; };
		4C40DC622981DBCD00C0CB16 /* icon.png */ = {isa = PBXFileReference; lastKnownFileType = image.png; name = icon.png; path = ../icon.png; sourceTree = "<group>"; };
		4C40DC6C2981E28600C0CB16 /* Universe.cpp */ = {isa = PBXFileReference; lastKnownFileType = sourcecode.cpp.cpp; path = Universe.cpp; sourceTree = "<group>"; };
		4C40DC6D2981E28600C0CB16 /* Universe.hpp */ = {isa = PBXFileReference; lastKnownFileType = sourcecode.cpp.h; path = Universe.hpp; sourceTree = "<group>"; };
		4CBECEDD2994ED9C001BA0EF /* organism.cpp */ = {isa = PBXFileReference; lastKnownFileType = sourcecode.cpp.cpp; path = organism.cpp; sourceTree = "<group>"; };
		4CBECEDE2994ED9C001BA0EF /* organism.hpp */ = {isa = PBXFileReference; lastKnownFileType = sourcecode.cpp.h; path = organism.hpp; sourceTree = "<group>"; };
		4CE290AC29A9ACCD00462A0C /* organism_viewer.cpp */ = {isa = PBXFileReference; lastKnownFileType = sourcecode.cpp.cpp; path = organism_viewer.cpp; sourceTree = "<group>"; };
		4CE290AD29A9ACCD00462A0C /* organism_viewer.hpp */ = {isa = PBXFileReference; lastKnownFileType = sourcecode.cpp.h; path = organism_viewer.hpp; sourceTree = "<group>"; };
/* End PBXFileReference section */

/* Begin PBXFrameworksBuildPhase section */
		4C40DC4D2981DBCD00C0CB16 /* Frameworks */ = {
			isa = PBXFrameworksBuildPhase;
			buildActionMask = 2147483647;
			files = (
			);
			runOnlyForDeploymentPostprocessing = 0;
		};
/* End PBXFrameworksBuildPhase section */

/* Begin PBXGroup section */
		4C40DC472981DBCD00C0CB16 = {
			isa = PBXGroup;
			children = (
				4CBECEDD2994ED9C001BA0EF /* organism.cpp */,
				4CBECEDE2994ED9C001BA0EF /* organism.hpp */,
				4C40DC6C2981E28600C0CB16 /* Universe.cpp */,
				4C40DC6D2981E28600C0CB16 /* Universe.hpp */,
				4C40DC532981DBCD00C0CB16 /* Neuroevolution_project1 */,
				4C40DC522981DBCD00C0CB16 /* Products */,
			);
			sourceTree = "<group>";
		};
		4C40DC522981DBCD00C0CB16 /* Products */ = {
			isa = PBXGroup;
			children = (
				4C40DC512981DBCD00C0CB16 /* Neuroevolution_project1.app */,
			);
			name = Products;
			sourceTree = "<group>";
		};
		4C40DC532981DBCD00C0CB16 /* Neuroevolution_project1 */ = {
			isa = PBXGroup;
			children = (
				4C40DC562981DBCD00C0CB16 /* ResourcePath.mm */,
				4C40DC582981DBCD00C0CB16 /* ResourcePath.hpp */,
				4C40DC592981DBCD00C0CB16 /* main.cpp */,
				4CE290AC29A9ACCD00462A0C /* organism_viewer.cpp */,
				4CE290AD29A9ACCD00462A0C /* organism_viewer.hpp */,
				4C40DC5B2981DBCD00C0CB16 /* Resources */,
				4C40DC542981DBCD00C0CB16 /* Supporting Files */,
			);
			path = Neuroevolution_project1;
			sourceTree = "<group>";
		};
		4C40DC542981DBCD00C0CB16 /* Supporting Files */ = {
			isa = PBXGroup;
			children = (
				4C40DC552981DBCD00C0CB16 /* Neuroevolution_project1-Info.plist */,
			);
			path = "Supporting Files";
			sourceTree = "<group>";
		};
		4C40DC5B2981DBCD00C0CB16 /* Resources */ = {
			isa = PBXGroup;
			children = (
				4C40DC5C2981DBCD00C0CB16 /* cute_image.jpg */,
				4C40DC5E2981DBCD00C0CB16 /* nice_music.ogg */,
				4C40DC602981DBCD00C0CB16 /* sansation.ttf */,
				4C40DC622981DBCD00C0CB16 /* icon.png */,
			);
			path = Resources;
			sourceTree = "<group>";
		};
/* End PBXGroup section */

/* Begin PBXNativeTarget section */
		4C40DC502981DBCD00C0CB16 /* Neuroevolution_project1 */ = {
			isa = PBXNativeTarget;
			buildConfigurationList = 4C40DC662981DBCD00C0CB16 /* Build configuration list for PBXNativeTarget "Neuroevolution_project1" */;
			buildPhases = (
				4C40DC4C2981DBCD00C0CB16 /* Sources */,
				4C40DC4D2981DBCD00C0CB16 /* Frameworks */,
				4C40DC4E2981DBCD00C0CB16 /* Resources */,
				4C40DC4F2981DBCD00C0CB16 /* ShellScript */,
			);
			buildRules = (
			);
			dependencies = (
			);
			name = Neuroevolution_project1;
			productName = Neuroevolution_project1;
			productReference = 4C40DC512981DBCD00C0CB16 /* Neuroevolution_project1.app */;
			productType = "com.apple.product-type.application";
		};
/* End PBXNativeTarget section */

/* Begin PBXProject section */
		4C40DC482981DBCD00C0CB16 /* Project object */ = {
			isa = PBXProject;
			attributes = {
				BuildIndependentTargetsInParallel = 1;
				LastUpgradeCheck = 1300;
				ORGANIZATIONNAME = "Liyu Zerihun";
				TargetAttributes = {
					4C40DC502981DBCD00C0CB16 = {
						CreatedOnToolsVersion = 13.0;
					};
				};
			};
			buildConfigurationList = 4C40DC4B2981DBCD00C0CB16 /* Build configuration list for PBXProject "Neuroevolution_project1" */;
			compatibilityVersion = "Xcode 13.0";
			developmentRegion = en;
			hasScannedForEncodings = 0;
			knownRegions = (
				en,
				Base,
			);
			mainGroup = 4C40DC472981DBCD00C0CB16;
			productRefGroup = 4C40DC522981DBCD00C0CB16 /* Products */;
			projectDirPath = "";
			projectRoot = "";
			targets = (
				4C40DC502981DBCD00C0CB16 /* Neuroevolution_project1 */,
			);
		};
/* End PBXProject section */

/* Begin PBXResourcesBuildPhase section */
		4C40DC4E2981DBCD00C0CB16 /* Resources */ = {
			isa = PBXResourcesBuildPhase;
			buildActionMask = 2147483647;
			files = (
				4C40DC632981DBCD00C0CB16 /* icon.png in Resources */,
				4C40DC612981DBCD00C0CB16 /* sansation.ttf in Resources */,
				4C40DC5F2981DBCD00C0CB16 /* nice_music.ogg in Resources */,
				4C40DC5D2981DBCD00C0CB16 /* cute_image.jpg in Resources */,
			);
			runOnlyForDeploymentPostprocessing = 0;
		};
/* End PBXResourcesBuildPhase section */

/* Begin PBXShellScriptBuildPhase section */
		4C40DC4F2981DBCD00C0CB16 /* ShellScript */ = {
			isa = PBXShellScriptBuildPhase;
			buildActionMask = 8;
			files = (
			);
			inputFileListPaths = (
			);
			inputPaths = (
			);
			outputFileListPaths = (
			);
			outputPaths = (
			);
			runOnlyForDeploymentPostprocessing = 1;
			shellPath = /bin/sh;
			shellScript = "# This shell script simply copies required SFML dylibs/frameworks into the application bundle frameworks folder.\n# If you're using static libraries (which is not recommended) you should remove this script from your project.\n\n# SETTINGS\nSFML_DEPENDENCIES_INSTALL_PREFIX=\"/Users/SFML/Desktop/packaging/tmp/install/Library/Frameworks\"\nCMAKE_INSTALL_FRAMEWORK_PREFIX=\"/Users/SFML/Desktop/packaging/tmp/install/Library/Frameworks\"\nCMAKE_INSTALL_LIB_PREFIX=\"/Users/SFML/Desktop/packaging/tmp/install/Library/Frameworks/lib\"\nFRAMEWORKS_FULL_PATH=\"$BUILT_PRODUCTS_DIR/$FRAMEWORKS_FOLDER_PATH/\"\n\n# Are we building a project that uses frameworks or dylibs?\ncase \"$SFML_BINARY_TYPE\" in\n    DYLIBS)\n        frameworks=\"false\"\n        ;;\n    *)\n        frameworks=\"true\"\n        ;;\nesac\n\n# Echoes to stderr\nerror () # $* message to display\n{\n    echo $* 1>&2\n    exit 2\n}\n\nassert () # $1 is a boolean, $2...N is an error message\n{\n    if [ $# -lt 2 ]\n    then\n        error \"Internal error in assert: not enough args\"\n    fi\n\n    if [ $1 -ne 0 ]\n    then\n        shift\n        error \"$*\"\n    fi\n}\n\nforce_remove () # $@ is some paths\n{\n    test $# -ge 1\n    assert $? \"force_remove() requires at least one parameter\"\n    rm -fr $@\n    assert $? \"couldn't remove $@\"\n}\n\ncopy () # $1 is a source, $2 is a destination\n{\n    test $# -eq 2\n    assert $? \"copy() requires two parameters\"\n    ditto \"$1\" \"$2\"\n    assert $? \"couldn't copy $1 to $2\"\n}\n\nrequire () # $1 is a SFML module like 'system' or 'audio'\n{\n    dest=\"$BUILT_PRODUCTS_DIR/$FRAMEWORKS_FOLDER_PATH/\"\n\n    if [ -z \"$1\" ]\n    then\n        error \"require() requires one parameter!\"\n    else\n        # clean potentially old stuff\n        force_remove \"$dest/libsfml-$1\"*\n        force_remove \"$dest/sfml-$1.framework\"\n\n        # copy SFML libraries\n        if [ \"$frameworks\" = \"true\" ]\n        then\n            source=\"$CMAKE_INSTALL_FRAMEWORK_PREFIX/sfml-$1.framework\"\n            target=\"sfml-$1.framework\"\n        elif [ \"$SFML_LINK_DYLIBS_SUFFIX\" = \"-d\" ]\n        then\n            source=\"$CMAKE_INSTALL_LIB_PREFIX/libsfml-$1-d.dylib\"\n            target=\"`readlink $source`\"\n        else\n            source=\"$CMAKE_INSTALL_LIB_PREFIX/libsfml-$1.dylib\"\n            target=\"`readlink $source`\"\n        fi\n\n        copy \"$source\" \"$dest/$target\"\n\n        # copy extra dependencies\n        if [ \"$1\" = \"audio\" ]\n        then\n            # copy \"FLAC\" \"ogg\" \"vorbis\" \"vorbisenc\" \"vorbisfile\" \"OpenAL\" frameworks too\n            for f in \"FLAC\" \"ogg\" \"vorbis\" \"vorbisenc\" \"vorbisfile\" \"OpenAL\"\n            do\n                copy \"$SFML_DEPENDENCIES_INSTALL_PREFIX/$f.framework\" \"$dest/$f.framework\"\n            done\n        elif [ \"$1\" = \"graphics\" ]\n        then\n            copy \"$SFML_DEPENDENCIES_INSTALL_PREFIX/freetype.framework\" \"$dest/freetype.framework\"\n        fi\n    fi\n}\n\nif [ -n \"$SFML_SYSTEM\" ]\nthen\n    require \"system\"\nfi\n\nif [ -n \"$SFML_AUDIO\" ]\nthen\n    require \"audio\"\nfi\n\nif [ -n \"$SFML_NETWORK\" ]\nthen\n    require \"network\"\nfi\n\nif [ -n \"$SFML_WINDOW\" ]\nthen\n    require \"window\"\nfi\n\nif [ -n \"$SFML_GRAPHICS\" ]\nthen\n    require \"graphics\"\nfi\n\n                \n";
		};
/* End PBXShellScriptBuildPhase section */

/* Begin PBXSourcesBuildPhase section */
		4C40DC4C2981DBCD00C0CB16 /* Sources */ = {
			isa = PBXSourcesBuildPhase;
			buildActionMask = 2147483647;
			files = (
				4C40DC5A2981DBCD00C0CB16 /* main.cpp in Sources */,
				4CBECEDF2994ED9C001BA0EF /* organism.cpp in Sources */,
				4CE290AE29A9ACCD00462A0C /* organism_viewer.cpp in Sources */,
				4C40DC6E2981E28600C0CB16 /* Universe.cpp in Sources */,
				4C40DC572981DBCD00C0CB16 /* ResourcePath.mm in Sources */,
			);
			runOnlyForDeploymentPostprocessing = 0;
		};
/* End PBXSourcesBuildPhase section */

/* Begin XCBuildConfiguration section */
		4C40DC642981DBCD00C0CB16 /* Debug */ = {
			isa = XCBuildConfiguration;
			buildSettings = {
				ARCHS = "$(ARCHS_STANDARD)";
				CLANG_CXX_LANGUAGE_STANDARD = "gnu++17";
				CLANG_CXX_LIBRARY = "libc++";
				EXCLUDED_ARCHS = arm64;
				FRAMEWORK_SEARCH_PATHS = (
					/Library/Frameworks/,
					"$(inherited)",
				);
				GCC_OPTIMIZATION_LEVEL = 0;
				GCC_VERSION = com.apple.compilers.llvm.clang.1_0;
				HEADER_SEARCH_PATHS = (
					/usr/local/include/,
					"$(inherited)",
					"/opt/homebrew/Cellar/openssl@3/3.0.7/include/",
				);
				LIBRARY_SEARCH_PATHS = (
					/usr/local/lib/,
					"$(inherited)",
				);
				MACOSX_DEPLOYMENT_TARGET = 10.7;
				OTHER_LDFLAGS = (
					"$(inherited)",
					"$(SFML_SYSTEM)",
					"$(SFML_WINDOW)",
					"$(SFML_GRAPHICS)",
					"$(SFML_AUDIO)",
					"$(SFML_NETWORK)",
				);
				SFML_AUDIO = "$(SFML_LINK_PREFIX) sfml-audio$(SFML_LINK_SUFFIX)";
				SFML_BINARY_TYPE = FRAMEWORKS;
				SFML_GRAPHICS = "$(SFML_LINK_PREFIX) sfml-graphics$(SFML_LINK_SUFFIX)";
				SFML_LINK_DYLIBS_PREFIX = "-l";
				SFML_LINK_DYLIBS_SUFFIX = "";
				SFML_LINK_FRAMEWORKS_PREFIX = "-framework";
				SFML_LINK_FRAMEWORKS_SUFFIX = "";
				SFML_LINK_PREFIX = "$(SFML_LINK_$(SFML_BINARY_TYPE)_PREFIX)";
				SFML_LINK_SUFFIX = "$(SFML_LINK_$(SFML_BINARY_TYPE)_SUFFIX)";
				SFML_NETWORK = "$(SFML_LINK_PREFIX) sfml-network$(SFML_LINK_SUFFIX)";
				SFML_SYSTEM = "$(SFML_LINK_PREFIX) sfml-system$(SFML_LINK_SUFFIX)";
				SFML_WINDOW = "$(SFML_LINK_PREFIX) sfml-window$(SFML_LINK_SUFFIX)";
				SUPPORTED_PLATFORMS = macosx;
			};
			name = Debug;
		};
		4C40DC652981DBCD00C0CB16 /* Release */ = {
			isa = XCBuildConfiguration;
			buildSettings = {
				ARCHS = "$(ARCHS_STANDARD)";
				CLANG_CXX_LANGUAGE_STANDARD = "gnu++17";
				CLANG_CXX_LIBRARY = "libc++";
				EXCLUDED_ARCHS = arm64;
				FRAMEWORK_SEARCH_PATHS = (
					/Library/Frameworks/,
					"$(inherited)",
				);
				GCC_OPTIMIZATION_LEVEL = 0;
				GCC_VERSION = com.apple.compilers.llvm.clang.1_0;
				HEADER_SEARCH_PATHS = (
					/usr/local/include/,
					"$(inherited)",
					"/opt/homebrew/Cellar/openssl@3/3.0.7/include/",
				);
				LIBRARY_SEARCH_PATHS = (
					/usr/local/lib/,
					"$(inherited)",
				);
				MACOSX_DEPLOYMENT_TARGET = 10.7;
				OTHER_LDFLAGS = (
					"$(inherited)",
					"$(SFML_SYSTEM)",
					"$(SFML_WINDOW)",
					"$(SFML_GRAPHICS)",
					"$(SFML_AUDIO)",
					"$(SFML_NETWORK)",
				);
				SFML_AUDIO = "$(SFML_LINK_PREFIX) sfml-audio$(SFML_LINK_SUFFIX)";
				SFML_BINARY_TYPE = FRAMEWORKS;
				SFML_GRAPHICS = "$(SFML_LINK_PREFIX) sfml-graphics$(SFML_LINK_SUFFIX)";
				SFML_LINK_DYLIBS_PREFIX = "-l";
				SFML_LINK_DYLIBS_SUFFIX = "";
				SFML_LINK_FRAMEWORKS_PREFIX = "-framework";
				SFML_LINK_FRAMEWORKS_SUFFIX = "";
				SFML_LINK_PREFIX = "$(SFML_LINK_$(SFML_BINARY_TYPE)_PREFIX)";
				SFML_LINK_SUFFIX = "$(SFML_LINK_$(SFML_BINARY_TYPE)_SUFFIX)";
				SFML_NETWORK = "$(SFML_LINK_PREFIX) sfml-network$(SFML_LINK_SUFFIX)";
				SFML_SYSTEM = "$(SFML_LINK_PREFIX) sfml-system$(SFML_LINK_SUFFIX)";
				SFML_WINDOW = "$(SFML_LINK_PREFIX) sfml-window$(SFML_LINK_SUFFIX)";
				SUPPORTED_PLATFORMS = macosx;
			};
			name = Release;
		};
		4C40DC672981DBCD00C0CB16 /* Debug */ = {
			isa = XCBuildConfiguration;
			buildSettings = {
				CODE_SIGN_STYLE = Automatic;
				GCC_OPTIMIZATION_LEVEL = 0;
				HEADER_SEARCH_PATHS = (
					/usr/local/include/,
					"$(inherited)",
					"/opt/homebrew/Cellar/openssl@3/3.0.7/include/",
				);
				INFOPLIST_FILE = "Neuroevolution_project1/Neuroevolution_project1-Info.plist";
				LD_RUNPATH_SEARCH_PATHS = "@loader_path/../Frameworks";
				LIBRARY_SEARCH_PATHS = (
					/usr/local/lib/,
					"$(inherited)",
					"/opt/homebrew/Cellar/openssl@3/3.0.7/lib",
				);
				OTHER_LDFLAGS = (
					"$(inherited)",
					"$(SFML_SYSTEM)",
					"$(SFML_WINDOW)",
					"$(SFML_GRAPHICS)",
					"$(SFML_AUDIO)",
					"$(SFML_NETWORK)",
					"-lssl",
					"-lcrypto",
				);
				PRODUCT_NAME = "$(TARGET_NAME)";
			};
			name = Debug;
		};
		4C40DC682981DBCD00C0CB16 /* Release */ = {
			isa = XCBuildConfiguration;
			buildSettings = {
				CODE_SIGN_STYLE = Automatic;
				GCC_OPTIMIZATION_LEVEL = 0;
				HEADER_SEARCH_PATHS = (
					/usr/local/include/,
					"$(inherited)",
					"/opt/homebrew/Cellar/openssl@3/3.0.7/include/",
				);
				INFOPLIST_FILE = "Neuroevolution_project1/Neuroevolution_project1-Info.plist";
				LD_RUNPATH_SEARCH_PATHS = "@loader_path/../Frameworks";
				LIBRARY_SEARCH_PATHS = (
					/usr/local/lib/,
					"$(inherited)",
					"/opt/homebrew/Cellar/openssl@3/3.0.7/lib",
				);
				OTHER_LDFLAGS = (
					"$(inherited)",
					"$(SFML_SYSTEM)",
					"$(SFML_WINDOW)",
					"$(SFML_GRAPHICS)",
					"$(SFML_AUDIO)",
					"$(SFML_NETWORK)",
					"-lssl",
					"-lcrypto",
				);
				PRODUCT_NAME = "$(TARGET_NAME)";
			};
			name = Release;
		};
/* End XCBuildConfiguration section */

/* Begin XCConfigurationList section */
		4C40DC4B2981DBCD00C0CB16 /* Build configuration list for PBXProject "Neuroevolution_project1" */ = {
			isa = XCConfigurationList;
			buildConfigurations = (
				4C40DC642981DBCD00C0CB16 /* Debug */,
				4C40DC652981DBCD00C0CB16 /* Release */,
			);
			defaultConfigurationIsVisible = 0;
			defaultConfigurationName = Release;
		};
		4C40DC662981DBCD00C0CB16 /* Build configuration list for PBXNativeTarget "Neuroevolution_project1" */ = {
			isa = XCConfigurationList;
			buildConfigurations = (
				4C40DC672981DBCD00C0CB16 /* Debug */,
				4C40DC682981DBCD00C0CB16 /* Release */,
			);
			defaultConfigurationIsVisible = 0;
			defaultConfigurationName = Release;
		};
/* End XCConfigurationList section */
	};
	rootObject = 4C40DC482981DBCD00C0CB16 /* Project object */;
}
